
Microsoft Visual Studio Solution File, Format Version 12.00
# Visual Studio Version 17
VisualStudioVersion = 17.6.33829.357
MinimumVisualStudioVersion = 10.0.40219.1
Project("{FAE04EC0-301F-11D3-BF4B-00C04F79EFBC}") = "Day 1 exercise", "Day 1 exercise\Day 1 exercise.csproj", "{B72C007B-05CC-43F9-A04F-32102CD63F1F}"
EndProject
Global
	GlobalSection(SolutionConfigurationPlatforms) = preSolution
		Debug|Any CPU = Debug|Any CPU
		Release|Any CPU = Release|Any CPU
	EndGlobalSection
	GlobalSection(ProjectConfigurationPlatforms) = postSolution
		{B72C007B-05CC-43F9-A04F-32102CD63F1F}.Debug|Any CPU.ActiveCfg = Debug|Any CPU
		{B72C007B-05CC-43F9-A04F-32102CD63F1F}.Debug|Any CPU.Build.0 = Debug|Any CPU
		{B72C007B-05CC-43F9-A04F-32102CD63F1F}.Release|Any CPU.ActiveCfg = Release|Any CPU
		{B72C007B-05CC-43F9-A04F-32102CD63F1F}.Release|Any CPU.Build.0 = Release|Any CPU
	EndGlobalSection
	GlobalSection(SolutionProperties) = preSolution
		HideSolutionNode = FALSE
	EndGlobalSection
	GlobalSection(ExtensibilityGlobals) = postSolution
		SolutionGuid = {35D0A953-8372-4792-A9F4-406864C17A39}
	EndGlobalSection
EndGlobal
